
Microsoft Visual Studio Solution File, Format Version 12.00
# Visual Studio Version 17
VisualStudioVersion = 17.0.31903.59
MinimumVisualStudioVersion = 10.0.40219.1
Project("{FAE04EC0-301F-11D3-BF4B-00C04F79EFBC}") = "aula20240206", "aula20240206\aula20240206.csproj", "{C02B2AF4-EB28-4513-A5FC-506F9DCCA96D}"
EndProject
Global
	GlobalSection(SolutionConfigurationPlatforms) = preSolution
		Debug|Any CPU = Debug|Any CPU
		Release|Any CPU = Release|Any CPU
	EndGlobalSection
	GlobalSection(SolutionProperties) = preSolution
		HideSolutionNode = FALSE
	EndGlobalSection
	GlobalSection(ProjectConfigurationPlatforms) = postSolution
		{C02B2AF4-EB28-4513-A5FC-506F9DCCA96D}.Debug|Any CPU.ActiveCfg = Debug|Any CPU
		{C02B2AF4-EB28-4513-A5FC-506F9DCCA96D}.Debug|Any CPU.Build.0 = Debug|Any CPU
		{C02B2AF4-EB28-4513-A5FC-506F9DCCA96D}.Release|Any CPU.ActiveCfg = Release|Any CPU
		{C02B2AF4-EB28-4513-A5FC-506F9DCCA96D}.Release|Any CPU.Build.0 = Release|Any CPU
	EndGlobalSection
EndGlobal
